
Microsoft Visual Studio Solution File, Format Version 12.00
# Visual Studio 15
VisualStudioVersion = 15.0.26206.0
MinimumVisualStudioVersion = 10.0.40219.1
Project("{FAE04EC0-301F-11D3-BF4B-00C04F79EFBC}") = "benchMarkApp2", "benchMarkApp2\benchMarkApp2.csproj", "{CB28E77A-1DC0-4617-B7B1-80FFBBC772B6}"
EndProject
Global
	GlobalSection(SolutionConfigurationPlatforms) = preSolution
		Debug|Any CPU = Debug|Any CPU
		Release|Any CPU = Release|Any CPU
	EndGlobalSection
	GlobalSection(ProjectConfigurationPlatforms) = postSolution
		{CB28E77A-1DC0-4617-B7B1-80FFBBC772B6}.Debug|Any CPU.ActiveCfg = Debug|Any CPU
		{CB28E77A-1DC0-4617-B7B1-80FFBBC772B6}.Debug|Any CPU.Build.0 = Debug|Any CPU
		{CB28E77A-1DC0-4617-B7B1-80FFBBC772B6}.Release|Any CPU.ActiveCfg = Release|Any CPU
		{CB28E77A-1DC0-4617-B7B1-80FFBBC772B6}.Release|Any CPU.Build.0 = Release|Any CPU
	EndGlobalSection
	GlobalSection(SolutionProperties) = preSolution
		HideSolutionNode = FALSE
	EndGlobalSection
	GlobalSection(Performance) = preSolution
		HasPerformanceSessions = true
	EndGlobalSection
EndGlobal
